// !$*UTF8*$!
{
	archiveVersion = 1;
	classes = {
	};
	objectVersion = 46;
	objects = {

/* Begin PBXBuildFile section */
		D69099031DABD93B003F4233 /* main.swift in Sources */ = {isa = PBXBuildFile; fileRef = D69099021DABD93B003F4233 /* main.swift */; };
		D690990A1DABDB6D003F4233 /* interactive.swift in Sources */ = {isa = PBXBuildFile; fileRef = D69099091DABDB6D003F4233 /* interactive.swift */; };
		D690990C1DABE586003F4233 /* io.swift in Sources */ = {isa = PBXBuildFile; fileRef = D690990B1DABE586003F4233 /* io.swift */; };
/* End PBXBuildFile section */

/* Begin PBXCopyFilesBuildPhase section */
		D69098FD1DABD93B003F4233 /* CopyFiles */ = {
			isa = PBXCopyFilesBuildPhase;
			buildActionMask = 2147483647;
			dstPath = /usr/share/man/man1/;
			dstSubfolderSpec = 0;
			files = (
			);
			runOnlyForDeploymentPostprocessing = 1;
		};
/* End PBXCopyFilesBuildPhase section */

/* Begin PBXFileReference section */
		D69098FF1DABD93B003F4233 /* commandLineBasedjr */ = {isa = PBXFileReference; explicitFileType = "compiled.mach-o.executable"; includeInIndex = 0; path = commandLineBasedjr; sourceTree = BUILT_PRODUCTS_DIR; };
		D69099021DABD93B003F4233 /* main.swift */ = {isa = PBXFileReference; lastKnownFileType = sourcecode.swift; path = main.swift; sourceTree = "<group>"; };
		D69099091DABDB6D003F4233 /* interactive.swift */ = {isa = PBXFileReference; fileEncoding = 4; lastKnownFileType = sourcecode.swift; path = interactive.swift; sourceTree = "<group>"; };
		D690990B1DABE586003F4233 /* io.swift */ = {isa = PBXFileReference; fileEncoding = 4; lastKnownFileType = sourcecode.swift; path = io.swift; sourceTree = "<group>"; };
/* End PBXFileReference section */

/* Begin PBXFrameworksBuildPhase section */
		D69098FC1DABD93B003F4233 /* Frameworks */ = {
			isa = PBXFrameworksBuildPhase;
			buildActionMask = 2147483647;
			files = (
			);
			runOnlyForDeploymentPostprocessing = 0;
		};
/* End PBXFrameworksBuildPhase section */

/* Begin PBXGroup section */
		D69098F61DABD93B003F4233 = {
			isa = PBXGroup;
			children = (
				D69099011DABD93B003F4233 /* commandLineBasedjr */,
				D69099001DABD93B003F4233 /* Products */,
			);
			sourceTree = "<group>";
		};
		D69099001DABD93B003F4233 /* Products */ = {
			isa = PBXGroup;
			children = (
				D69098FF1DABD93B003F4233 /* commandLineBasedjr */,
			);
			name = Products;
			sourceTree = "<group>";
		};
		D69099011DABD93B003F4233 /* commandLineBasedjr */ = {
			isa = PBXGroup;
			children = (
				D69099021DABD93B003F4233 /* main.swift */,
				D69099091DABDB6D003F4233 /* interactive.swift */,
				D690990B1DABE586003F4233 /* io.swift */,
			);
			path = commandLineBasedjr;
			sourceTree = "<group>";
		};
/* End PBXGroup section */

/* Begin PBXNativeTarget section */
		D69098FE1DABD93B003F4233 /* commandLineBasedjr */ = {
			isa = PBXNativeTarget;
			buildConfigurationList = D69099061DABD93B003F4233 /* Build configuration list for PBXNativeTarget "commandLineBasedjr" */;
			buildPhases = (
				D69098FB1DABD93B003F4233 /* Sources */,
				D69098FC1DABD93B003F4233 /* Frameworks */,
				D69098FD1DABD93B003F4233 /* CopyFiles */,
			);
			buildRules = (
			);
			dependencies = (
			);
			name = commandLineBasedjr;
			productName = commandLineBasedjr;
			productReference = D69098FF1DABD93B003F4233 /* commandLineBasedjr */;
			productType = "com.apple.product-type.tool";
		};
/* End PBXNativeTarget section */

/* Begin PBXProject section */
		D69098F71DABD93B003F4233 /* Project object */ = {
			isa = PBXProject;
			attributes = {
				LastSwiftUpdateCheck = 0800;
				LastUpgradeCheck = 0800;
				ORGANIZATIONNAME = "Deb Ramey";
				TargetAttributes = {
					D69098FE1DABD93B003F4233 = {
						CreatedOnToolsVersion = 8.0;
						DevelopmentTeam = QX26TGVMF2;
						ProvisioningStyle = Automatic;
					};
				};
			};
			buildConfigurationList = D69098FA1DABD93B003F4233 /* Build configuration list for PBXProject "commandLineBasedjr" */;
			compatibilityVersion = "Xcode 3.2";
			developmentRegion = English;
			hasScannedForEncodings = 0;
			knownRegions = (
				en,
			);
			mainGroup = D69098F61DABD93B003F4233;
			productRefGroup = D69099001DABD93B003F4233 /* Products */;
			projectDirPath = "";
			projectRoot = "";
			targets = (
				D69098FE1DABD93B003F4233 /* commandLineBasedjr */,
			);
		};
/* End PBXProject section */

/* Begin PBXSourcesBuildPhase section */
		D69098FB1DABD93B003F4233 /* Sources */ = {
			isa = PBXSourcesBuildPhase;
			buildActionMask = 2147483647;
			files = (
				D690990A1DABDB6D003F4233 /* interactive.swift in Sources */,
				D690990C1DABE586003F4233 /* io.swift in Sources */,
				D69099031DABD93B003F4233 /* main.swift in Sources */,
			);
			runOnlyForDeploymentPostprocessing = 0;
		};
/* End PBXSourcesBuildPhase section */

/* Begin XCBuildConfiguration section */
		D69099041DABD93B003F4233 /* Debug */ = {
			isa = XCBuildConfiguration;
			buildSettings = {
				ALWAYS_SEARCH_USER_PATHS = NO;
				CLANG_ANALYZER_NONNULL = YES;
				CLANG_CXX_LANGUAGE_STANDARD = "gnu++0x";
				CLANG_CXX_LIBRARY = "libc++";
				CLANG_ENABLE_MODULES = YES;
				CLANG_ENABLE_OBJC_ARC = YES;
				CLANG_WARN_BOOL_CONVERSION = YES;
				CLANG_WARN_CONSTANT_CONVERSION = YES;
				CLANG_WARN_DIRECT_OBJC_ISA_USAGE = YES_ERROR;
				CLANG_WARN_DOCUMENTATION_COMMENTS = YES;
				CLANG_WARN_EMPTY_BODY = YES;
				CLANG_WARN_ENUM_CONVERSION = YES;
				CLANG_WARN_INFINITE_RECURSION = YES;
				CLANG_WARN_INT_CONVERSION = YES;
				CLANG_WARN_OBJC_ROOT_CLASS = YES_ERROR;
				CLANG_WARN_SUSPICIOUS_MOVES = YES;
				CLANG_WARN_UNREACHABLE_CODE = YES;
				CLANG_WARN__DUPLICATE_METHOD_MATCH = YES;
				CODE_SIGN_IDENTITY = "-";
				COPY_PHASE_STRIP = NO;
				DEBUG_INFORMATION_FORMAT = dwarf;
				ENABLE_STRICT_OBJC_MSGSEND = YES;
				ENABLE_TESTABILITY = YES;
				GCC_C_LANGUAGE_STANDARD = gnu99;
				GCC_DYNAMIC_NO_PIC = NO;
				GCC_NO_COMMON_BLOCKS = YES;
				GCC_OPTIMIZATION_LEVEL = 0;
				GCC_PREPROCESSOR_DEFINITIONS = (
					"DEBUG=1",
					"$(inherited)",
				);
				GCC_WARN_64_TO_32_BIT_CONVERSION = YES;
				GCC_WARN_ABOUT_RETURN_TYPE = YES_ERROR;
				GCC_WARN_UNDECLARED_SELECTOR = YES;
				GCC_WARN_UNINITIALIZED_AUTOS = YES_AGGRESSIVE;
				GCC_WARN_UNUSED_FUNCTION = YES;
				GCC_WARN_UNUSED_VARIABLE = YES;
				MACOSX_DEPLOYMENT_TARGET = 10.11;
				MTL_ENABLE_DEBUG_INFO = YES;
				ONLY_ACTIVE_ARCH = YES;
				SDKROOT = macosx;
				SWIFT_OPTIMIZATION_LEVEL = "-Onone";
			};
			name = Debug;
		};
		D69099051DABD93B003F4233 /* Release */ = {
			isa = XCBuildConfiguration;
			buildSettings = {
				ALWAYS_SEARCH_USER_PATHS = NO;
				CLANG_ANALYZER_NONNULL = YES;
				CLANG_CXX_LANGUAGE_STANDARD = "gnu++0x";
				CLANG_CXX_LIBRARY = "libc++";
				CLANG_ENABLE_MODULES = YES;
				CLANG_ENABLE_OBJC_ARC = YES;
				CLANG_WARN_BOOL_CONVERSION = YES;
				CLANG_WARN_CONSTANT_CONVERSION = YES;
				CLANG_WARN_DIRECT_OBJC_ISA_USAGE = YES_ERROR;
				CLANG_WARN_DOCUMENTATION_COMMENTS = YES;
				CLANG_WARN_EMPTY_BODY = YES;
				CLANG_WARN_ENUM_CONVERSION = YES;
				CLANG_WARN_INFINITE_RECURSION = YES;
				CLANG_WARN_INT_CONVERSION = YES;
				CLANG_WARN_OBJC_ROOT_CLASS = YES_ERROR;
				CLANG_WARN_SUSPICIOUS_MOVES = YES;
				CLANG_WARN_UNREACHABLE_CODE = YES;
				CLANG_WARN__DUPLICATE_METHOD_MATCH = YES;
				CODE_SIGN_IDENTITY = "-";
				COPY_PHASE_STRIP = NO;
				DEBUG_INFORMATION_FORMAT = "dwarf-with-dsym";
				ENABLE_NS_ASSERTIONS = NO;
				ENABLE_STRICT_OBJC_MSGSEND = YES;
				GCC_C_LANGUAGE_STANDARD = gnu99;
				GCC_NO_COMMON_BLOCKS = YES;
				GCC_WARN_64_TO_32_BIT_CONVERSION = YES;
				GCC_WARN_ABOUT_RETURN_TYPE = YES_ERROR;
				GCC_WARN_UNDECLARED_SELECTOR = YES;
				GCC_WARN_UNINITIALIZED_AUTOS = YES_AGGRESSIVE;
				GCC_WARN_UNUSED_FUNCTION = YES;
				GCC_WARN_UNUSED_VARIABLE = YES;
				MACOSX_DEPLOYMENT_TARGET = 10.11;
				MTL_ENABLE_DEBUG_INFO = NO;
				SDKROOT = macosx;
			};
			name = Release;
		};
		D69099071DABD93B003F4233 /* Debug */ = {
			isa = XCBuildConfiguration;
			buildSettings = {
				DEVELOPMENT_TEAM = QX26TGVMF2;
				PRODUCT_NAME = "$(TARGET_NAME)";
				SWIFT_VERSION = 3.0;
			};
			name = Debug;
		};
		D69099081DABD93B003F4233 /* Release */ = {
			isa = XCBuildConfiguration;
			buildSettings = {
				DEVELOPMENT_TEAM = QX26TGVMF2;
				PRODUCT_NAME = "$(TARGET_NAME)";
				SWIFT_VERSION = 3.0;
			};
			name = Release;
		};
/* End XCBuildConfiguration section */

/* Begin XCConfigurationList section */
		D69098FA1DABD93B003F4233 /* Build configuration list for PBXProject "commandLineBasedjr" */ = {
			isa = XCConfigurationList;
			buildConfigurations = (
				D69099041DABD93B003F4233 /* Debug */,
				D69099051DABD93B003F4233 /* Release */,
			);
			defaultConfigurationIsVisible = 0;
			defaultConfigurationName = Release;
		};
		D69099061DABD93B003F4233 /* Build configuration list for PBXNativeTarget "commandLineBasedjr" */ = {
			isa = XCConfigurationList;
			buildConfigurations = (
				D69099071DABD93B003F4233 /* Debug */,
				D69099081DABD93B003F4233 /* Release */,
			);
			defaultConfigurationIsVisible = 0;
		};
/* End XCConfigurationList section */
	};
	rootObject = D69098F71DABD93B003F4233 /* Project object */;
}
